// !$*UTF8*$!
{
	archiveVersion = 1;
	classes = {
	};
	objectVersion = 77;
	objects = {

/* Begin PBXBuildFile section */
		045D8E1129B581C24103C16B /* DashboardView.swift in Sources */ = {isa = PBXBuildFile; fileRef = 390D6F3E0CA2406677408054 /* DashboardView.swift */; };
		09D2B9C59CEFB552A5BDEB4A /* EmotionAnimator.swift in Sources */ = {isa = PBXBuildFile; fileRef = 0A40371D715FA4AD61AEFD16 /* EmotionAnimator.swift */; };
		0C58FFDF6BA13D16DB539D2A /* Theme.swift in Sources */ = {isa = PBXBuildFile; fileRef = 6A701C3DA0C568C830649DFF /* Theme.swift */; };
		10068152566A11F0F68997CB /* SoundAnalysisService.swift in Sources */ = {isa = PBXBuildFile; fileRef = CBF50339954645FA9A71F491 /* SoundAnalysisService.swift */; };
		10D554033BB83B980FD07138 /* SkillView.swift in Sources */ = {isa = PBXBuildFile; fileRef = 5541ABC65A7C97EA0758C953 /* SkillView.swift */; };
		17030E6DC4F920916A602314 /* SettingsViewModel.swift in Sources */ = {isa = PBXBuildFile; fileRef = AB20ADA3D8508ACECECB0BE2 /* SettingsViewModel.swift */; };
		1B740F986D18A25672209BA7 /* OpenClawDisplayApp.swift in Sources */ = {isa = PBXBuildFile; fileRef = EC1598B2DEF6DD4A12207BB4 /* OpenClawDisplayApp.swift */; };
		1ED3724407DEC3011D1DC541 /* SensorCommand.swift in Sources */ = {isa = PBXBuildFile; fileRef = CA7863B6AC8A6662A75E2369 /* SensorCommand.swift */; };
		2669182CC4B0FE4341FF2A2F /* CustomAvatarConfig.swift in Sources */ = {isa = PBXBuildFile; fileRef = 8EE0C6325D94E45F5CE1F24B /* CustomAvatarConfig.swift */; };
		2D08C6DED23D3B0CABBE5209 /* EmotionAnimator.swift in Sources */ = {isa = PBXBuildFile; fileRef = 0A40371D715FA4AD61AEFD16 /* EmotionAnimator.swift */; };
		2DB1E10564E20D54471DAC1C /* PresenceService.swift in Sources */ = {isa = PBXBuildFile; fileRef = DDCEEA41FD2D58AE903F3AA1 /* PresenceService.swift */; };
		2E83F5E12F4C1957F87DBD46 /* AudioSessionCoordinator.swift in Sources */ = {isa = PBXBuildFile; fileRef = 91936E7A61A0DA1FEFDFBBAD /* AudioSessionCoordinator.swift */; };
		3B6412B2D222907C20304DEB /* DeviceIdentity.swift in Sources */ = {isa = PBXBuildFile; fileRef = 8164FBF82A41CA22A9B3919B /* DeviceIdentity.swift */; };
		42BE5F83619754C334D28288 /* EmotionRouter.swift in Sources */ = {isa = PBXBuildFile; fileRef = 48F9D82963F7180235B07947 /* EmotionRouter.swift */; };
		4346785382A1951C30D5A902 /* Theme.swift in Sources */ = {isa = PBXBuildFile; fileRef = 6A701C3DA0C568C830649DFF /* Theme.swift */; };
		479C59973695EB00694AEA60 /* OpenClawFaceApp.swift in Sources */ = {isa = PBXBuildFile; fileRef = 95A3E4FB9C96532DC73862E4 /* OpenClawFaceApp.swift */; };
		4B7D99CD838493F33951D756 /* GatewayConnectionConfig.swift in Sources */ = {isa = PBXBuildFile; fileRef = E019D28023E6A4CB7D51360F /* GatewayConnectionConfig.swift */; };
		4DA33B02841F37408E8C442E /* CustomFaceView.swift in Sources */ = {isa = PBXBuildFile; fileRef = 17E536D42781880FEB0187F3 /* CustomFaceView.swift */; };
		58CBFF987D76EF8CA6C03784 /* STTService.swift in Sources */ = {isa = PBXBuildFile; fileRef = D44A00F8A4515FC5E8FD1404 /* STTService.swift */; };
		59A7C24336B43E1345206AB1 /* KeychainService.swift in Sources */ = {isa = PBXBuildFile; fileRef = 458E03334F85D5FB9D6FB854 /* KeychainService.swift */; };
		5B98FD8BE2B4DF2F8AEF624A /* SensorView.swift in Sources */ = {isa = PBXBuildFile; fileRef = CF9EA5BADD225D829A37EECD /* SensorView.swift */; };
		5CF3EED27CE07BAB2472A43F /* EmotionMarker.swift in Sources */ = {isa = PBXBuildFile; fileRef = 5420393EB6949E716F37CD61 /* EmotionMarker.swift */; };
		5D444975990CAEB920391DC3 /* GatewayService.swift in Sources */ = {isa = PBXBuildFile; fileRef = 1129501C1AFED39E8C989091 /* GatewayService.swift */; };
		5DE2762A976D9F8E50AE3F91 /* AvatarEditorView.swift in Sources */ = {isa = PBXBuildFile; fileRef = 38CAD7E74AA899006EC78359 /* AvatarEditorView.swift */; };
		5FE6724EC194BF3AECB3DF88 /* AbstractAvatarConfig.swift in Sources */ = {isa = PBXBuildFile; fileRef = 4A0EFA9EDD034EFCDB80F12E /* AbstractAvatarConfig.swift */; };
		641544A151C8D2DDA1289961 /* DeviceIdentity.swift in Sources */ = {isa = PBXBuildFile; fileRef = 8164FBF82A41CA22A9B3919B /* DeviceIdentity.swift */; };
		6D41205D20A181E736B5DCD9 /* CustomAvatarConfig.swift in Sources */ = {isa = PBXBuildFile; fileRef = 8EE0C6325D94E45F5CE1F24B /* CustomAvatarConfig.swift */; };
		6D7FC2327C36FF6258A4050A /* AbstractFaceView.swift in Sources */ = {isa = PBXBuildFile; fileRef = CCFBF9EE697B7AE9380C66A5 /* AbstractFaceView.swift */; };
		7347F605D94534486B19FD97 /* BonjourConstants.swift in Sources */ = {isa = PBXBuildFile; fileRef = 591A5A7B281466D7B4A9428C /* BonjourConstants.swift */; };
		7574E308BDAE00BADF29432E /* ConnectionState.swift in Sources */ = {isa = PBXBuildFile; fileRef = 286F5BB287AC93AEF4A658ED /* ConnectionState.swift */; };
		780F255C93E139AA70DEBBE0 /* AbstractAvatarConfig.swift in Sources */ = {isa = PBXBuildFile; fileRef = 4A0EFA9EDD034EFCDB80F12E /* AbstractAvatarConfig.swift */; };
		7FE6C4E80F19D77AC6B06496 /* EmotionState.swift in Sources */ = {isa = PBXBuildFile; fileRef = A2CBC5379AA0519941E74F6F /* EmotionState.swift */; };
		850FD73BB6DB16B72E49BAF2 /* CustomFaceView.swift in Sources */ = {isa = PBXBuildFile; fileRef = 17E536D42781880FEB0187F3 /* CustomFaceView.swift */; };
		8C69D0C30B74A97AD3BFE66D /* LinkDiagnostic.swift in Sources */ = {isa = PBXBuildFile; fileRef = 628480542B362A1C2F80A640 /* LinkDiagnostic.swift */; };
		8CD14E7F9D25F44339B58165 /* FaceShapes.swift in Sources */ = {isa = PBXBuildFile; fileRef = EC8EBC150FF70BE3F9E802B8 /* FaceShapes.swift */; };
		92A103B72D4F2D1B01BE6A9F /* KeychainService.swift in Sources */ = {isa = PBXBuildFile; fileRef = 458E03334F85D5FB9D6FB854 /* KeychainService.swift */; };
		947684066A42DC3BC8046330 /* AgentTargetService.swift in Sources */ = {isa = PBXBuildFile; fileRef = 95994A639C5DC2C498E4EA75 /* AgentTargetService.swift */; };
		AAE2EAD9B66E0193697BF7EB /* AgentTargetConfig.swift in Sources */ = {isa = PBXBuildFile; fileRef = 38E13C26F9E20B5B9D8551A2 /* AgentTargetConfig.swift */; };
		AD5BBC4525C75F9DB57929DE /* OpenClawAPI.swift in Sources */ = {isa = PBXBuildFile; fileRef = 8113A644F456070302A2D547 /* OpenClawAPI.swift */; };
		AE14B9426C63634D1A27F3C1 /* AgentTargetConfig.swift in Sources */ = {isa = PBXBuildFile; fileRef = 38E13C26F9E20B5B9D8551A2 /* AgentTargetConfig.swift */; };
		B0C970741208821BD0CEF2CE /* ContentView.swift in Sources */ = {isa = PBXBuildFile; fileRef = F224052065FEA0D73EDF1C0A /* ContentView.swift */; };
		B6BF3A2570916A6EDEFCAB2D /* GatewayService.swift in Sources */ = {isa = PBXBuildFile; fileRef = 1129501C1AFED39E8C989091 /* GatewayService.swift */; };
		BB8828EC8485034258B412E7 /* SensorRouter.swift in Sources */ = {isa = PBXBuildFile; fileRef = D967B16F2E31CBBC56CBF282 /* SensorRouter.swift */; };
		BC86A51FFC3B5B01819C8B28 /* LinkDiagnostic.swift in Sources */ = {isa = PBXBuildFile; fileRef = 628480542B362A1C2F80A640 /* LinkDiagnostic.swift */; };
		C16DBD2091736392CA283213 /* EmotionSkillService.swift in Sources */ = {isa = PBXBuildFile; fileRef = 989C7D15835E9BDD2961F75D /* EmotionSkillService.swift */; };
		C2358E093EF52A8BBDEBA835 /* CustomEditorView.swift in Sources */ = {isa = PBXBuildFile; fileRef = 8E934876D493F45B8474902C /* CustomEditorView.swift */; };
		CA0DC97AA47D47610FD76B16 /* OpenClawAPI.swift in Sources */ = {isa = PBXBuildFile; fileRef = 8113A644F456070302A2D547 /* OpenClawAPI.swift */; };
		CBB1411513FC89E32487219F /* EmotionMarker.swift in Sources */ = {isa = PBXBuildFile; fileRef = 5420393EB6949E716F37CD61 /* EmotionMarker.swift */; };
		CBCCF171B30B74BAE705E936 /* AbstractFaceView.swift in Sources */ = {isa = PBXBuildFile; fileRef = CCFBF9EE697B7AE9380C66A5 /* AbstractFaceView.swift */; };
		CBE587EE97B3E761F22C37A3 /* BonjourConstants.swift in Sources */ = {isa = PBXBuildFile; fileRef = 591A5A7B281466D7B4A9428C /* BonjourConstants.swift */; };
		CD2650ECB308DD5C8E3F2113 /* ConnectionState.swift in Sources */ = {isa = PBXBuildFile; fileRef = 286F5BB287AC93AEF4A658ED /* ConnectionState.swift */; };
		D49CC0B1FD312A1346115210 /* TTSService.swift in Sources */ = {isa = PBXBuildFile; fileRef = 94B50DF0C9DC80F632F6947F /* TTSService.swift */; };
		DB6F1A7CF3EBF9C819C060AE /* GatewayConnectionConfig.swift in Sources */ = {isa = PBXBuildFile; fileRef = E019D28023E6A4CB7D51360F /* GatewayConnectionConfig.swift */; };
		E018BAE326FEB69BD1FA7638 /* EmotionState.swift in Sources */ = {isa = PBXBuildFile; fileRef = A2CBC5379AA0519941E74F6F /* EmotionState.swift */; };
		E25D518992224A1C6908791B /* SettingsView.swift in Sources */ = {isa = PBXBuildFile; fileRef = A8CF05B0A5382F9D9E06DD96 /* SettingsView.swift */; };
		E28C38B02BAFA693F2BD4098 /* FaceView.swift in Sources */ = {isa = PBXBuildFile; fileRef = CF23C9723E67FEBDBA078CF8 /* FaceView.swift */; };
		E34743B2E5D4272F1246DF20 /* BonjourServer.swift in Sources */ = {isa = PBXBuildFile; fileRef = FAC004203B1F2F7015593B9F /* BonjourServer.swift */; };
		E9570B9159B6A02EF499A31D /* FaceShapes.swift in Sources */ = {isa = PBXBuildFile; fileRef = EC8EBC150FF70BE3F9E802B8 /* FaceShapes.swift */; };
		ED7BA0449FECCB423CEE4687 /* SensorCommand.swift in Sources */ = {isa = PBXBuildFile; fileRef = CA7863B6AC8A6662A75E2369 /* SensorCommand.swift */; };
		EF7B91D22DF162B3D390BFCF /* BonjourClient.swift in Sources */ = {isa = PBXBuildFile; fileRef = 8A244AAB6AE282D76EED418F /* BonjourClient.swift */; };
/* End PBXBuildFile section */

/* Begin PBXFileReference section */
		0A40371D715FA4AD61AEFD16 /* EmotionAnimator.swift */ = {isa = PBXFileReference; lastKnownFileType = sourcecode.swift; path = EmotionAnimator.swift; sourceTree = "<group>"; };
		1129501C1AFED39E8C989091 /* GatewayService.swift */ = {isa = PBXFileReference; lastKnownFileType = sourcecode.swift; path = GatewayService.swift; sourceTree = "<group>"; };
		17E536D42781880FEB0187F3 /* CustomFaceView.swift */ = {isa = PBXFileReference; lastKnownFileType = sourcecode.swift; path = CustomFaceView.swift; sourceTree = "<group>"; };
		286F5BB287AC93AEF4A658ED /* ConnectionState.swift */ = {isa = PBXFileReference; lastKnownFileType = sourcecode.swift; path = ConnectionState.swift; sourceTree = "<group>"; };
		38CAD7E74AA899006EC78359 /* AvatarEditorView.swift */ = {isa = PBXFileReference; lastKnownFileType = sourcecode.swift; path = AvatarEditorView.swift; sourceTree = "<group>"; };
		38E13C26F9E20B5B9D8551A2 /* AgentTargetConfig.swift */ = {isa = PBXFileReference; lastKnownFileType = sourcecode.swift; path = AgentTargetConfig.swift; sourceTree = "<group>"; };
		390D6F3E0CA2406677408054 /* DashboardView.swift */ = {isa = PBXFileReference; lastKnownFileType = sourcecode.swift; path = DashboardView.swift; sourceTree = "<group>"; };
		458E03334F85D5FB9D6FB854 /* KeychainService.swift */ = {isa = PBXFileReference; lastKnownFileType = sourcecode.swift; path = KeychainService.swift; sourceTree = "<group>"; };
		48F9D82963F7180235B07947 /* EmotionRouter.swift */ = {isa = PBXFileReference; lastKnownFileType = sourcecode.swift; path = EmotionRouter.swift; sourceTree = "<group>"; };
		4A0EFA9EDD034EFCDB80F12E /* AbstractAvatarConfig.swift */ = {isa = PBXFileReference; lastKnownFileType = sourcecode.swift; path = AbstractAvatarConfig.swift; sourceTree = "<group>"; };
		5420393EB6949E716F37CD61 /* EmotionMarker.swift */ = {isa = PBXFileReference; lastKnownFileType = sourcecode.swift; path = EmotionMarker.swift; sourceTree = "<group>"; };
		5541ABC65A7C97EA0758C953 /* SkillView.swift */ = {isa = PBXFileReference; lastKnownFileType = sourcecode.swift; path = SkillView.swift; sourceTree = "<group>"; };
		591A5A7B281466D7B4A9428C /* BonjourConstants.swift */ = {isa = PBXFileReference; lastKnownFileType = sourcecode.swift; path = BonjourConstants.swift; sourceTree = "<group>"; };
		628480542B362A1C2F80A640 /* LinkDiagnostic.swift */ = {isa = PBXFileReference; lastKnownFileType = sourcecode.swift; path = LinkDiagnostic.swift; sourceTree = "<group>"; };
		6A701C3DA0C568C830649DFF /* Theme.swift */ = {isa = PBXFileReference; lastKnownFileType = sourcecode.swift; path = Theme.swift; sourceTree = "<group>"; };
		75088C9EBEFCA82E57BDED75 /* Info.plist */ = {isa = PBXFileReference; lastKnownFileType = text.plist; path = Info.plist; sourceTree = "<group>"; };
		8113A644F456070302A2D547 /* OpenClawAPI.swift */ = {isa = PBXFileReference; lastKnownFileType = sourcecode.swift; path = OpenClawAPI.swift; sourceTree = "<group>"; };
		8164FBF82A41CA22A9B3919B /* DeviceIdentity.swift */ = {isa = PBXFileReference; lastKnownFileType = sourcecode.swift; path = DeviceIdentity.swift; sourceTree = "<group>"; };
		8A244AAB6AE282D76EED418F /* BonjourClient.swift */ = {isa = PBXFileReference; lastKnownFileType = sourcecode.swift; path = BonjourClient.swift; sourceTree = "<group>"; };
		8E934876D493F45B8474902C /* CustomEditorView.swift */ = {isa = PBXFileReference; lastKnownFileType = sourcecode.swift; path = CustomEditorView.swift; sourceTree = "<group>"; };
		8EE0C6325D94E45F5CE1F24B /* CustomAvatarConfig.swift */ = {isa = PBXFileReference; lastKnownFileType = sourcecode.swift; path = CustomAvatarConfig.swift; sourceTree = "<group>"; };
		91936E7A61A0DA1FEFDFBBAD /* AudioSessionCoordinator.swift */ = {isa = PBXFileReference; lastKnownFileType = sourcecode.swift; path = AudioSessionCoordinator.swift; sourceTree = "<group>"; };
		94B50DF0C9DC80F632F6947F /* TTSService.swift */ = {isa = PBXFileReference; lastKnownFileType = sourcecode.swift; path = TTSService.swift; sourceTree = "<group>"; };
		95994A639C5DC2C498E4EA75 /* AgentTargetService.swift */ = {isa = PBXFileReference; lastKnownFileType = sourcecode.swift; path = AgentTargetService.swift; sourceTree = "<group>"; };
		95A3E4FB9C96532DC73862E4 /* OpenClawFaceApp.swift */ = {isa = PBXFileReference; lastKnownFileType = sourcecode.swift; path = OpenClawFaceApp.swift; sourceTree = "<group>"; };
		989C7D15835E9BDD2961F75D /* EmotionSkillService.swift */ = {isa = PBXFileReference; lastKnownFileType = sourcecode.swift; path = EmotionSkillService.swift; sourceTree = "<group>"; };
		A2CBC5379AA0519941E74F6F /* EmotionState.swift */ = {isa = PBXFileReference; lastKnownFileType = sourcecode.swift; path = EmotionState.swift; sourceTree = "<group>"; };
		A583CD832F8418C5816EA664 /* Info.plist */ = {isa = PBXFileReference; lastKnownFileType = text.plist; path = Info.plist; sourceTree = "<group>"; };
		A8CF05B0A5382F9D9E06DD96 /* SettingsView.swift */ = {isa = PBXFileReference; lastKnownFileType = sourcecode.swift; path = SettingsView.swift; sourceTree = "<group>"; };
		AB20ADA3D8508ACECECB0BE2 /* SettingsViewModel.swift */ = {isa = PBXFileReference; lastKnownFileType = sourcecode.swift; path = SettingsViewModel.swift; sourceTree = "<group>"; };
		B59526262F15AB71BD3E63C3 /* OpenClawFace.entitlements */ = {isa = PBXFileReference; lastKnownFileType = text.plist.entitlements; path = OpenClawFace.entitlements; sourceTree = "<group>"; };
		CA7863B6AC8A6662A75E2369 /* SensorCommand.swift */ = {isa = PBXFileReference; lastKnownFileType = sourcecode.swift; path = SensorCommand.swift; sourceTree = "<group>"; };
		CBF50339954645FA9A71F491 /* SoundAnalysisService.swift */ = {isa = PBXFileReference; lastKnownFileType = sourcecode.swift; path = SoundAnalysisService.swift; sourceTree = "<group>"; };
		CCFBF9EE697B7AE9380C66A5 /* AbstractFaceView.swift */ = {isa = PBXFileReference; lastKnownFileType = sourcecode.swift; path = AbstractFaceView.swift; sourceTree = "<group>"; };
		CF23C9723E67FEBDBA078CF8 /* FaceView.swift */ = {isa = PBXFileReference; lastKnownFileType = sourcecode.swift; path = FaceView.swift; sourceTree = "<group>"; };
		CF9EA5BADD225D829A37EECD /* SensorView.swift */ = {isa = PBXFileReference; lastKnownFileType = sourcecode.swift; path = SensorView.swift; sourceTree = "<group>"; };
		D19F04FAFD9F55057CBE8EC5 /* OpenClawDisplay.app */ = {isa = PBXFileReference; includeInIndex = 0; lastKnownFileType = wrapper.application; path = OpenClawDisplay.app; sourceTree = BUILT_PRODUCTS_DIR; };
		D44A00F8A4515FC5E8FD1404 /* STTService.swift */ = {isa = PBXFileReference; lastKnownFileType = sourcecode.swift; path = STTService.swift; sourceTree = "<group>"; };
		D967B16F2E31CBBC56CBF282 /* SensorRouter.swift */ = {isa = PBXFileReference; lastKnownFileType = sourcecode.swift; path = SensorRouter.swift; sourceTree = "<group>"; };
		DDCEEA41FD2D58AE903F3AA1 /* PresenceService.swift */ = {isa = PBXFileReference; lastKnownFileType = sourcecode.swift; path = PresenceService.swift; sourceTree = "<group>"; };
		E019D28023E6A4CB7D51360F /* GatewayConnectionConfig.swift */ = {isa = PBXFileReference; lastKnownFileType = sourcecode.swift; path = GatewayConnectionConfig.swift; sourceTree = "<group>"; };
		E61122AC22536CD35EE4374B /* OpenClawFace.app */ = {isa = PBXFileReference; explicitFileType = wrapper.application; includeInIndex = 0; path = OpenClawFace.app; sourceTree = BUILT_PRODUCTS_DIR; };
		EC1598B2DEF6DD4A12207BB4 /* OpenClawDisplayApp.swift */ = {isa = PBXFileReference; lastKnownFileType = sourcecode.swift; path = OpenClawDisplayApp.swift; sourceTree = "<group>"; };
		EC8EBC150FF70BE3F9E802B8 /* FaceShapes.swift */ = {isa = PBXFileReference; lastKnownFileType = sourcecode.swift; path = FaceShapes.swift; sourceTree = "<group>"; };
		F224052065FEA0D73EDF1C0A /* ContentView.swift */ = {isa = PBXFileReference; lastKnownFileType = sourcecode.swift; path = ContentView.swift; sourceTree = "<group>"; };
		FAC004203B1F2F7015593B9F /* BonjourServer.swift */ = {isa = PBXFileReference; lastKnownFileType = sourcecode.swift; path = BonjourServer.swift; sourceTree = "<group>"; };
/* End PBXFileReference section */

/* Begin PBXGroup section */
		17FB37133F50C90FF216A467 /* iOS */ = {
			isa = PBXGroup;
			children = (
				C71EB65255881F9B931478F1 /* App */,
				B39FBED49E72C4DABD2D8DA8 /* Resources */,
				BBC290BDDC5C4A3854A5D6F9 /* Services */,
				DDF0B02DDF6704C8C393A385 /* Views */,
			);
			path = iOS;
			sourceTree = "<group>";
		};
		286A90612E898BFB791B57D6 /* App */ = {
			isa = PBXGroup;
			children = (
				F224052065FEA0D73EDF1C0A /* ContentView.swift */,
				95A3E4FB9C96532DC73862E4 /* OpenClawFaceApp.swift */,
			);
			path = App;
			sourceTree = "<group>";
		};
		4050E3259FF9C8D110E36938 /* Networking */ = {
			isa = PBXGroup;
			children = (
				38E13C26F9E20B5B9D8551A2 /* AgentTargetConfig.swift */,
				591A5A7B281466D7B4A9428C /* BonjourConstants.swift */,
				286F5BB287AC93AEF4A658ED /* ConnectionState.swift */,
				8164FBF82A41CA22A9B3919B /* DeviceIdentity.swift */,
				E019D28023E6A4CB7D51360F /* GatewayConnectionConfig.swift */,
				1129501C1AFED39E8C989091 /* GatewayService.swift */,
				458E03334F85D5FB9D6FB854 /* KeychainService.swift */,
				628480542B362A1C2F80A640 /* LinkDiagnostic.swift */,
				8113A644F456070302A2D547 /* OpenClawAPI.swift */,
			);
			path = Networking;
			sourceTree = "<group>";
		};
		70478BCD8847ABEC4F11C8C9 /* Theme */ = {
			isa = PBXGroup;
			children = (
				6A701C3DA0C568C830649DFF /* Theme.swift */,
			);
			path = Theme;
			sourceTree = "<group>";
		};
		77FEA0D7F16C735B0086E3B6 /* Services */ = {
			isa = PBXGroup;
			children = (
				95994A639C5DC2C498E4EA75 /* AgentTargetService.swift */,
				FAC004203B1F2F7015593B9F /* BonjourServer.swift */,
				48F9D82963F7180235B07947 /* EmotionRouter.swift */,
				989C7D15835E9BDD2961F75D /* EmotionSkillService.swift */,
				D967B16F2E31CBBC56CBF282 /* SensorRouter.swift */,
			);
			path = Services;
			sourceTree = "<group>";
		};
		839D5DE7E6F6831A35C535EF /* Products */ = {
			isa = PBXGroup;
			children = (
				D19F04FAFD9F55057CBE8EC5 /* OpenClawDisplay.app */,
				E61122AC22536CD35EE4374B /* OpenClawFace.app */,
			);
			name = Products;
			sourceTree = "<group>";
		};
		996EA5B8C26FD20614C51B63 /* ViewModels */ = {
			isa = PBXGroup;
			children = (
				AB20ADA3D8508ACECECB0BE2 /* SettingsViewModel.swift */,
			);
			path = ViewModels;
			sourceTree = "<group>";
		};
		B39FBED49E72C4DABD2D8DA8 /* Resources */ = {
			isa = PBXGroup;
			children = (
				75088C9EBEFCA82E57BDED75 /* Info.plist */,
			);
			path = Resources;
			sourceTree = "<group>";
		};
		B774ABA42A0C5EE63A8B8631 /* Shared */ = {
			isa = PBXGroup;
			children = (
				FBEC72692312BF43666FA4C6 /* Models */,
				4050E3259FF9C8D110E36938 /* Networking */,
				E8BF4505728AB496E5909B59 /* Renderer */,
				70478BCD8847ABEC4F11C8C9 /* Theme */,
			);
			path = Shared;
			sourceTree = "<group>";
		};
		BBC290BDDC5C4A3854A5D6F9 /* Services */ = {
			isa = PBXGroup;
			children = (
				91936E7A61A0DA1FEFDFBBAD /* AudioSessionCoordinator.swift */,
				8A244AAB6AE282D76EED418F /* BonjourClient.swift */,
				DDCEEA41FD2D58AE903F3AA1 /* PresenceService.swift */,
				CBF50339954645FA9A71F491 /* SoundAnalysisService.swift */,
				D44A00F8A4515FC5E8FD1404 /* STTService.swift */,
				94B50DF0C9DC80F632F6947F /* TTSService.swift */,
			);
			path = Services;
			sourceTree = "<group>";
		};
		BCC5A5F38A6310CEC67E1A9F /* Resources */ = {
			isa = PBXGroup;
			children = (
				A583CD832F8418C5816EA664 /* Info.plist */,
				B59526262F15AB71BD3E63C3 /* OpenClawFace.entitlements */,
			);
			path = Resources;
			sourceTree = "<group>";
		};
		C71EB65255881F9B931478F1 /* App */ = {
			isa = PBXGroup;
			children = (
				EC1598B2DEF6DD4A12207BB4 /* OpenClawDisplayApp.swift */,
			);
			path = App;
			sourceTree = "<group>";
		};
		D63183F4D381C024811FEEEB /* Views */ = {
			isa = PBXGroup;
			children = (
				38CAD7E74AA899006EC78359 /* AvatarEditorView.swift */,
				8E934876D493F45B8474902C /* CustomEditorView.swift */,
				390D6F3E0CA2406677408054 /* DashboardView.swift */,
				CF9EA5BADD225D829A37EECD /* SensorView.swift */,
				A8CF05B0A5382F9D9E06DD96 /* SettingsView.swift */,
				5541ABC65A7C97EA0758C953 /* SkillView.swift */,
			);
			path = Views;
			sourceTree = "<group>";
		};
		D6AED68E39EA8D5EE80080C6 = {
			isa = PBXGroup;
			children = (
				17FB37133F50C90FF216A467 /* iOS */,
				F806BAE1A609F2306EEE3C9A /* macOS */,
				B774ABA42A0C5EE63A8B8631 /* Shared */,
				839D5DE7E6F6831A35C535EF /* Products */,
			);
			sourceTree = "<group>";
		};
		DDF0B02DDF6704C8C393A385 /* Views */ = {
			isa = PBXGroup;
			children = (
				CF23C9723E67FEBDBA078CF8 /* FaceView.swift */,
			);
			path = Views;
			sourceTree = "<group>";
		};
		E8BF4505728AB496E5909B59 /* Renderer */ = {
			isa = PBXGroup;
			children = (
				CCFBF9EE697B7AE9380C66A5 /* AbstractFaceView.swift */,
				17E536D42781880FEB0187F3 /* CustomFaceView.swift */,
				0A40371D715FA4AD61AEFD16 /* EmotionAnimator.swift */,
				EC8EBC150FF70BE3F9E802B8 /* FaceShapes.swift */,
			);
			path = Renderer;
			sourceTree = "<group>";
		};
		F806BAE1A609F2306EEE3C9A /* macOS */ = {
			isa = PBXGroup;
			children = (
				286A90612E898BFB791B57D6 /* App */,
				BCC5A5F38A6310CEC67E1A9F /* Resources */,
				77FEA0D7F16C735B0086E3B6 /* Services */,
				996EA5B8C26FD20614C51B63 /* ViewModels */,
				D63183F4D381C024811FEEEB /* Views */,
			);
			path = macOS;
			sourceTree = "<group>";
		};
		FBEC72692312BF43666FA4C6 /* Models */ = {
			isa = PBXGroup;
			children = (
				4A0EFA9EDD034EFCDB80F12E /* AbstractAvatarConfig.swift */,
				8EE0C6325D94E45F5CE1F24B /* CustomAvatarConfig.swift */,
				5420393EB6949E716F37CD61 /* EmotionMarker.swift */,
				A2CBC5379AA0519941E74F6F /* EmotionState.swift */,
				CA7863B6AC8A6662A75E2369 /* SensorCommand.swift */,
			);
			path = Models;
			sourceTree = "<group>";
		};
/* End PBXGroup section */

/* Begin PBXNativeTarget section */
		20B594D9D63B374B51F1FBF1 /* OpenClawFace */ = {
			isa = PBXNativeTarget;
			buildConfigurationList = EF80549ADF52533346CA9DF2 /* Build configuration list for PBXNativeTarget "OpenClawFace" */;
			buildPhases = (
				A7E2BF3E4ACF4CBE4C0CCB49 /* Sources */,
			);
			buildRules = (
			);
			dependencies = (
			);
			name = OpenClawFace;
			packageProductDependencies = (
			);
			productName = OpenClawFace;
			productReference = E61122AC22536CD35EE4374B /* OpenClawFace.app */;
			productType = "com.apple.product-type.application";
		};
		DE814357A9D4C29F582AFF88 /* OpenClawDisplay */ = {
			isa = PBXNativeTarget;
			buildConfigurationList = 92802E2D25C4ABC4D007982D /* Build configuration list for PBXNativeTarget "OpenClawDisplay" */;
			buildPhases = (
				2403069413F527AD3E6005A7 /* Sources */,
			);
			buildRules = (
			);
			dependencies = (
			);
			name = OpenClawDisplay;
			packageProductDependencies = (
			);
			productName = OpenClawDisplay;
			productReference = D19F04FAFD9F55057CBE8EC5 /* OpenClawDisplay.app */;
			productType = "com.apple.product-type.application";
		};
/* End PBXNativeTarget section */

/* Begin PBXProject section */
		E34DFD57AE21C13F34E0EDE6 /* Project object */ = {
			isa = PBXProject;
			attributes = {
				BuildIndependentTargetsInParallel = YES;
				LastUpgradeCheck = 1600;
				TargetAttributes = {
					20B594D9D63B374B51F1FBF1 = {
						DevelopmentTeam = 75N3FG986R;
						ProvisioningStyle = Automatic;
					};
					DE814357A9D4C29F582AFF88 = {
						DevelopmentTeam = 75N3FG986R;
						ProvisioningStyle = Automatic;
					};
				};
			};
			buildConfigurationList = FE02A30C619986AEE4E66AA7 /* Build configuration list for PBXProject "OpenClawFace" */;
			developmentRegion = en;
			hasScannedForEncodings = 0;
			knownRegions = (
				Base,
				en,
			);
			mainGroup = D6AED68E39EA8D5EE80080C6;
			minimizedProjectReferenceProxies = 1;
			preferredProjectObjectVersion = 77;
			productRefGroup = 839D5DE7E6F6831A35C535EF /* Products */;
			projectDirPath = "";
			projectRoot = "";
			targets = (
				DE814357A9D4C29F582AFF88 /* OpenClawDisplay */,
				20B594D9D63B374B51F1FBF1 /* OpenClawFace */,
			);
		};
/* End PBXProject section */

/* Begin PBXSourcesBuildPhase section */
		2403069413F527AD3E6005A7 /* Sources */ = {
			isa = PBXSourcesBuildPhase;
			buildActionMask = 2147483647;
			files = (
				5FE6724EC194BF3AECB3DF88 /* AbstractAvatarConfig.swift in Sources */,
				6D7FC2327C36FF6258A4050A /* AbstractFaceView.swift in Sources */,
				AAE2EAD9B66E0193697BF7EB /* AgentTargetConfig.swift in Sources */,
				2E83F5E12F4C1957F87DBD46 /* AudioSessionCoordinator.swift in Sources */,
				EF7B91D22DF162B3D390BFCF /* BonjourClient.swift in Sources */,
				CBE587EE97B3E761F22C37A3 /* BonjourConstants.swift in Sources */,
				7574E308BDAE00BADF29432E /* ConnectionState.swift in Sources */,
				6D41205D20A181E736B5DCD9 /* CustomAvatarConfig.swift in Sources */,
				850FD73BB6DB16B72E49BAF2 /* CustomFaceView.swift in Sources */,
				641544A151C8D2DDA1289961 /* DeviceIdentity.swift in Sources */,
				2D08C6DED23D3B0CABBE5209 /* EmotionAnimator.swift in Sources */,
				5CF3EED27CE07BAB2472A43F /* EmotionMarker.swift in Sources */,
				E018BAE326FEB69BD1FA7638 /* EmotionState.swift in Sources */,
				E9570B9159B6A02EF499A31D /* FaceShapes.swift in Sources */,
				E28C38B02BAFA693F2BD4098 /* FaceView.swift in Sources */,
				DB6F1A7CF3EBF9C819C060AE /* GatewayConnectionConfig.swift in Sources */,
				B6BF3A2570916A6EDEFCAB2D /* GatewayService.swift in Sources */,
				59A7C24336B43E1345206AB1 /* KeychainService.swift in Sources */,
				BC86A51FFC3B5B01819C8B28 /* LinkDiagnostic.swift in Sources */,
				AD5BBC4525C75F9DB57929DE /* OpenClawAPI.swift in Sources */,
				1B740F986D18A25672209BA7 /* OpenClawDisplayApp.swift in Sources */,
				2DB1E10564E20D54471DAC1C /* PresenceService.swift in Sources */,
				58CBFF987D76EF8CA6C03784 /* STTService.swift in Sources */,
				1ED3724407DEC3011D1DC541 /* SensorCommand.swift in Sources */,
				10068152566A11F0F68997CB /* SoundAnalysisService.swift in Sources */,
				D49CC0B1FD312A1346115210 /* TTSService.swift in Sources */,
				0C58FFDF6BA13D16DB539D2A /* Theme.swift in Sources */,
			);
			runOnlyForDeploymentPostprocessing = 0;
		};
		A7E2BF3E4ACF4CBE4C0CCB49 /* Sources */ = {
			isa = PBXSourcesBuildPhase;
			buildActionMask = 2147483647;
			files = (
				780F255C93E139AA70DEBBE0 /* AbstractAvatarConfig.swift in Sources */,
				CBCCF171B30B74BAE705E936 /* AbstractFaceView.swift in Sources */,
				AE14B9426C63634D1A27F3C1 /* AgentTargetConfig.swift in Sources */,
				947684066A42DC3BC8046330 /* AgentTargetService.swift in Sources */,
				5DE2762A976D9F8E50AE3F91 /* AvatarEditorView.swift in Sources */,
				7347F605D94534486B19FD97 /* BonjourConstants.swift in Sources */,
				E34743B2E5D4272F1246DF20 /* BonjourServer.swift in Sources */,
				CD2650ECB308DD5C8E3F2113 /* ConnectionState.swift in Sources */,
				B0C970741208821BD0CEF2CE /* ContentView.swift in Sources */,
				2669182CC4B0FE4341FF2A2F /* CustomAvatarConfig.swift in Sources */,
				C2358E093EF52A8BBDEBA835 /* CustomEditorView.swift in Sources */,
				4DA33B02841F37408E8C442E /* CustomFaceView.swift in Sources */,
				045D8E1129B581C24103C16B /* DashboardView.swift in Sources */,
				3B6412B2D222907C20304DEB /* DeviceIdentity.swift in Sources */,
				09D2B9C59CEFB552A5BDEB4A /* EmotionAnimator.swift in Sources */,
				CBB1411513FC89E32487219F /* EmotionMarker.swift in Sources */,
				42BE5F83619754C334D28288 /* EmotionRouter.swift in Sources */,
				C16DBD2091736392CA283213 /* EmotionSkillService.swift in Sources */,
				7FE6C4E80F19D77AC6B06496 /* EmotionState.swift in Sources */,
				8CD14E7F9D25F44339B58165 /* FaceShapes.swift in Sources */,
				4B7D99CD838493F33951D756 /* GatewayConnectionConfig.swift in Sources */,
				5D444975990CAEB920391DC3 /* GatewayService.swift in Sources */,
				92A103B72D4F2D1B01BE6A9F /* KeychainService.swift in Sources */,
				8C69D0C30B74A97AD3BFE66D /* LinkDiagnostic.swift in Sources */,
				CA0DC97AA47D47610FD76B16 /* OpenClawAPI.swift in Sources */,
				479C59973695EB00694AEA60 /* OpenClawFaceApp.swift in Sources */,
				ED7BA0449FECCB423CEE4687 /* SensorCommand.swift in Sources */,
				BB8828EC8485034258B412E7 /* SensorRouter.swift in Sources */,
				5B98FD8BE2B4DF2F8AEF624A /* SensorView.swift in Sources */,
				E25D518992224A1C6908791B /* SettingsView.swift in Sources */,
				17030E6DC4F920916A602314 /* SettingsViewModel.swift in Sources */,
				10D554033BB83B980FD07138 /* SkillView.swift in Sources */,
				4346785382A1951C30D5A902 /* Theme.swift in Sources */,
			);
			runOnlyForDeploymentPostprocessing = 0;
		};
/* End PBXSourcesBuildPhase section */

/* Begin XCBuildConfiguration section */
		06DD0BBEF5EC714190BBD37B /* Debug */ = {
			isa = XCBuildConfiguration;
			buildSettings = {
				ASSETCATALOG_COMPILER_APPICON_NAME = AppIcon;
				CODE_SIGN_ENTITLEMENTS = macOS/Resources/OpenClawFace.entitlements;
				COMBINE_HIDPI_IMAGES = YES;
				CURRENT_PROJECT_VERSION = 1;
				ENABLE_HARDENED_RUNTIME = YES;
				INFOPLIST_FILE = macOS/Resources/Info.plist;
				LD_RUNPATH_SEARCH_PATHS = (
					"$(inherited)",
					"@executable_path/../Frameworks",
				);
				MACOSX_DEPLOYMENT_TARGET = 14.0;
				MARKETING_VERSION = 1.0.0;
				PRODUCT_BUNDLE_IDENTIFIER = "net.eab-solutions.openclawface";
				SDKROOT = macosx;
				SWIFT_STRICT_CONCURRENCY = complete;
			};
			name = Debug;
		};
		1FE673E25B231C55B87F0281 /* Release */ = {
			isa = XCBuildConfiguration;
			buildSettings = {
				ALWAYS_SEARCH_USER_PATHS = NO;
				CLANG_ANALYZER_NONNULL = YES;
				CLANG_ANALYZER_NUMBER_OBJECT_CONVERSION = YES_AGGRESSIVE;
				CLANG_CXX_LANGUAGE_STANDARD = "gnu++14";
				CLANG_CXX_LIBRARY = "libc++";
				CLANG_ENABLE_MODULES = YES;
				CLANG_ENABLE_OBJC_ARC = YES;
				CLANG_ENABLE_OBJC_WEAK = YES;
				CLANG_WARN_BLOCK_CAPTURE_AUTORELEASING = YES;
				CLANG_WARN_BOOL_CONVERSION = YES;
				CLANG_WARN_COMMA = YES;
				CLANG_WARN_CONSTANT_CONVERSION = YES;
				CLANG_WARN_DEPRECATED_OBJC_IMPLEMENTATIONS = YES;
				CLANG_WARN_DIRECT_OBJC_ISA_USAGE = YES_ERROR;
				CLANG_WARN_DOCUMENTATION_COMMENTS = YES;
				CLANG_WARN_EMPTY_BODY = YES;
				CLANG_WARN_ENUM_CONVERSION = YES;
				CLANG_WARN_INFINITE_RECURSION = YES;
				CLANG_WARN_INT_CONVERSION = YES;
				CLANG_WARN_NON_LITERAL_NULL_CONVERSION = YES;
				CLANG_WARN_OBJC_IMPLICIT_RETAIN_SELF = YES;
				CLANG_WARN_OBJC_LITERAL_CONVERSION = YES;
				CLANG_WARN_OBJC_ROOT_CLASS = YES_ERROR;
				CLANG_WARN_QUOTED_INCLUDE_IN_FRAMEWORK_HEADER = YES;
				CLANG_WARN_RANGE_LOOP_ANALYSIS = YES;
				CLANG_WARN_STRICT_PROTOTYPES = YES;
				CLANG_WARN_SUSPICIOUS_MOVE = YES;
				CLANG_WARN_UNGUARDED_AVAILABILITY = YES_AGGRESSIVE;
				CLANG_WARN_UNREACHABLE_CODE = YES;
				CLANG_WARN__DUPLICATE_METHOD_MATCH = YES;
				CODE_SIGN_STYLE = Automatic;
				COPY_PHASE_STRIP = NO;
				DEBUG_INFORMATION_FORMAT = "dwarf-with-dsym";
				DEVELOPMENT_TEAM = 75N3FG986R;
				ENABLE_NS_ASSERTIONS = NO;
				ENABLE_STRICT_OBJC_MSGSEND = YES;
				GCC_C_LANGUAGE_STANDARD = gnu11;
				GCC_NO_COMMON_BLOCKS = YES;
				GCC_WARN_64_TO_32_BIT_CONVERSION = YES;
				GCC_WARN_ABOUT_RETURN_TYPE = YES_ERROR;
				GCC_WARN_UNDECLARED_SELECTOR = YES;
				GCC_WARN_UNINITIALIZED_AUTOS = YES_AGGRESSIVE;
				GCC_WARN_UNUSED_FUNCTION = YES;
				GCC_WARN_UNUSED_VARIABLE = YES;
				IPHONEOS_DEPLOYMENT_TARGET = 17.0;
				MACOSX_DEPLOYMENT_TARGET = 14.0;
				MTL_ENABLE_DEBUG_INFO = NO;
				MTL_FAST_MATH = YES;
				PRODUCT_NAME = "$(TARGET_NAME)";
				SWIFT_COMPILATION_MODE = wholemodule;
				SWIFT_OPTIMIZATION_LEVEL = "-O";
				SWIFT_VERSION = 6.0;
			};
			name = Release;
		};
		41FFD47FCD7957FE72263A3C /* Debug */ = {
			isa = XCBuildConfiguration;
			buildSettings = {
				ASSETCATALOG_COMPILER_APPICON_NAME = AppIcon;
				CODE_SIGN_IDENTITY = "iPhone Developer";
				CURRENT_PROJECT_VERSION = 1;
				INFOPLIST_FILE = iOS/Resources/Info.plist;
				IPHONEOS_DEPLOYMENT_TARGET = 17.0;
				LD_RUNPATH_SEARCH_PATHS = (
					"$(inherited)",
					"@executable_path/Frameworks",
				);
				MARKETING_VERSION = 1.0.0;
				PRODUCT_BUNDLE_IDENTIFIER = "net.eab-solutions.openclawdisplay";
				SDKROOT = iphoneos;
				SWIFT_STRICT_CONCURRENCY = complete;
				TARGETED_DEVICE_FAMILY = "1,2";
			};
			name = Debug;
		};
		B1ADCA39B410D53E075D4A02 /* Release */ = {
			isa = XCBuildConfiguration;
			buildSettings = {
				ASSETCATALOG_COMPILER_APPICON_NAME = AppIcon;
				CODE_SIGN_ENTITLEMENTS = macOS/Resources/OpenClawFace.entitlements;
				COMBINE_HIDPI_IMAGES = YES;
				CURRENT_PROJECT_VERSION = 1;
				ENABLE_HARDENED_RUNTIME = YES;
				INFOPLIST_FILE = macOS/Resources/Info.plist;
				LD_RUNPATH_SEARCH_PATHS = (
					"$(inherited)",
					"@executable_path/../Frameworks",
				);
				MACOSX_DEPLOYMENT_TARGET = 14.0;
				MARKETING_VERSION = 1.0.0;
				PRODUCT_BUNDLE_IDENTIFIER = "net.eab-solutions.openclawface";
				SDKROOT = macosx;
				SWIFT_STRICT_CONCURRENCY = complete;
			};
			name = Release;
		};
		CE165482BF707FD9A53678CD /* Release */ = {
			isa = XCBuildConfiguration;
			buildSettings = {
				ASSETCATALOG_COMPILER_APPICON_NAME = AppIcon;
				CODE_SIGN_IDENTITY = "iPhone Developer";
				CURRENT_PROJECT_VERSION = 1;
				INFOPLIST_FILE = iOS/Resources/Info.plist;
				IPHONEOS_DEPLOYMENT_TARGET = 17.0;
				LD_RUNPATH_SEARCH_PATHS = (
					"$(inherited)",
					"@executable_path/Frameworks",
				);
				MARKETING_VERSION = 1.0.0;
				PRODUCT_BUNDLE_IDENTIFIER = "net.eab-solutions.openclawdisplay";
				SDKROOT = iphoneos;
				SWIFT_STRICT_CONCURRENCY = complete;
				TARGETED_DEVICE_FAMILY = "1,2";
			};
			name = Release;
		};
		E195D1695968A76AC4F85935 /* Debug */ = {
			isa = XCBuildConfiguration;
			buildSettings = {
				ALWAYS_SEARCH_USER_PATHS = NO;
				CLANG_ANALYZER_NONNULL = YES;
				CLANG_ANALYZER_NUMBER_OBJECT_CONVERSION = YES_AGGRESSIVE;
				CLANG_CXX_LANGUAGE_STANDARD = "gnu++14";
				CLANG_CXX_LIBRARY = "libc++";
				CLANG_ENABLE_MODULES = YES;
				CLANG_ENABLE_OBJC_ARC = YES;
				CLANG_ENABLE_OBJC_WEAK = YES;
				CLANG_WARN_BLOCK_CAPTURE_AUTORELEASING = YES;
				CLANG_WARN_BOOL_CONVERSION = YES;
				CLANG_WARN_COMMA = YES;
				CLANG_WARN_CONSTANT_CONVERSION = YES;
				CLANG_WARN_DEPRECATED_OBJC_IMPLEMENTATIONS = YES;
				CLANG_WARN_DIRECT_OBJC_ISA_USAGE = YES_ERROR;
				CLANG_WARN_DOCUMENTATION_COMMENTS = YES;
				CLANG_WARN_EMPTY_BODY = YES;
				CLANG_WARN_ENUM_CONVERSION = YES;
				CLANG_WARN_INFINITE_RECURSION = YES;
				CLANG_WARN_INT_CONVERSION = YES;
				CLANG_WARN_NON_LITERAL_NULL_CONVERSION = YES;
				CLANG_WARN_OBJC_IMPLICIT_RETAIN_SELF = YES;
				CLANG_WARN_OBJC_LITERAL_CONVERSION = YES;
				CLANG_WARN_OBJC_ROOT_CLASS = YES_ERROR;
				CLANG_WARN_QUOTED_INCLUDE_IN_FRAMEWORK_HEADER = YES;
				CLANG_WARN_RANGE_LOOP_ANALYSIS = YES;
				CLANG_WARN_STRICT_PROTOTYPES = YES;
				CLANG_WARN_SUSPICIOUS_MOVE = YES;
				CLANG_WARN_UNGUARDED_AVAILABILITY = YES_AGGRESSIVE;
				CLANG_WARN_UNREACHABLE_CODE = YES;
				CLANG_WARN__DUPLICATE_METHOD_MATCH = YES;
				CODE_SIGN_STYLE = Automatic;
				COPY_PHASE_STRIP = NO;
				DEBUG_INFORMATION_FORMAT = dwarf;
				DEVELOPMENT_TEAM = 75N3FG986R;
				ENABLE_STRICT_OBJC_MSGSEND = YES;
				ENABLE_TESTABILITY = YES;
				GCC_C_LANGUAGE_STANDARD = gnu11;
				GCC_DYNAMIC_NO_PIC = NO;
				GCC_NO_COMMON_BLOCKS = YES;
				GCC_OPTIMIZATION_LEVEL = 0;
				GCC_PREPROCESSOR_DEFINITIONS = (
					"$(inherited)",
					"DEBUG=1",
				);
				GCC_WARN_64_TO_32_BIT_CONVERSION = YES;
				GCC_WARN_ABOUT_RETURN_TYPE = YES_ERROR;
				GCC_WARN_UNDECLARED_SELECTOR = YES;
				GCC_WARN_UNINITIALIZED_AUTOS = YES_AGGRESSIVE;
				GCC_WARN_UNUSED_FUNCTION = YES;
				GCC_WARN_UNUSED_VARIABLE = YES;
				IPHONEOS_DEPLOYMENT_TARGET = 17.0;
				MACOSX_DEPLOYMENT_TARGET = 14.0;
				MTL_ENABLE_DEBUG_INFO = INCLUDE_SOURCE;
				MTL_FAST_MATH = YES;
				ONLY_ACTIVE_ARCH = YES;
				PRODUCT_NAME = "$(TARGET_NAME)";
				SWIFT_ACTIVE_COMPILATION_CONDITIONS = DEBUG;
				SWIFT_OPTIMIZATION_LEVEL = "-Onone";
				SWIFT_VERSION = 6.0;
			};
			name = Debug;
		};
/* End XCBuildConfiguration section */

/* Begin XCConfigurationList section */
		92802E2D25C4ABC4D007982D /* Build configuration list for PBXNativeTarget "OpenClawDisplay" */ = {
			isa = XCConfigurationList;
			buildConfigurations = (
				41FFD47FCD7957FE72263A3C /* Debug */,
				CE165482BF707FD9A53678CD /* Release */,
			);
			defaultConfigurationIsVisible = 0;
			defaultConfigurationName = Debug;
		};
		EF80549ADF52533346CA9DF2 /* Build configuration list for PBXNativeTarget "OpenClawFace" */ = {
			isa = XCConfigurationList;
			buildConfigurations = (
				06DD0BBEF5EC714190BBD37B /* Debug */,
				B1ADCA39B410D53E075D4A02 /* Release */,
			);
			defaultConfigurationIsVisible = 0;
			defaultConfigurationName = Debug;
		};
		FE02A30C619986AEE4E66AA7 /* Build configuration list for PBXProject "OpenClawFace" */ = {
			isa = XCConfigurationList;
			buildConfigurations = (
				E195D1695968A76AC4F85935 /* Debug */,
				1FE673E25B231C55B87F0281 /* Release */,
			);
			defaultConfigurationIsVisible = 0;
			defaultConfigurationName = Debug;
		};
/* End XCConfigurationList section */
	};
	rootObject = E34DFD57AE21C13F34E0EDE6 /* Project object */;
}
